
Microsoft Visual Studio Solution File, Format Version 12.00
# Visual Studio Version 16
VisualStudioVersion = 16.0.29209.62
MinimumVisualStudioVersion = 10.0.40219.1
Project("{FAE04EC0-301F-11D3-BF4B-00C04F79EFBC}") = "SportsStore.Domain", "SportsStore.Domain\SportsStore.Domain.csproj", "{7DEFF523-3220-410E-9C88-DB44E4E578AE}"
EndProject
Project("{FAE04EC0-301F-11D3-BF4B-00C04F79EFBC}") = "SportsStore.WebUI", "SportsStore.WebUI\SportsStore.WebUI.csproj", "{63347595-0BEA-48D9-9E3F-CC6367CB24F2}"
EndProject
Project("{FAE04EC0-301F-11D3-BF4B-00C04F79EFBC}") = "SportsStore.UnitTests", "SportsStore.UnitTests\SportsStore.UnitTests.csproj", "{4A179C14-5ADA-4535-9486-D95D6E8772C9}"
EndProject
Global
	GlobalSection(SolutionConfigurationPlatforms) = preSolution
		Debug|Any CPU = Debug|Any CPU
		Release|Any CPU = Release|Any CPU
	EndGlobalSection
	GlobalSection(ProjectConfigurationPlatforms) = postSolution
		{7DEFF523-3220-410E-9C88-DB44E4E578AE}.Debug|Any CPU.ActiveCfg = Debug|Any CPU
		{7DEFF523-3220-410E-9C88-DB44E4E578AE}.Debug|Any CPU.Build.0 = Debug|Any CPU
		{7DEFF523-3220-410E-9C88-DB44E4E578AE}.Release|Any CPU.ActiveCfg = Release|Any CPU
		{7DEFF523-3220-410E-9C88-DB44E4E578AE}.Release|Any CPU.Build.0 = Release|Any CPU
		{63347595-0BEA-48D9-9E3F-CC6367CB24F2}.Debug|Any CPU.ActiveCfg = Debug|Any CPU
		{63347595-0BEA-48D9-9E3F-CC6367CB24F2}.Debug|Any CPU.Build.0 = Debug|Any CPU
		{63347595-0BEA-48D9-9E3F-CC6367CB24F2}.Release|Any CPU.ActiveCfg = Release|Any CPU
		{63347595-0BEA-48D9-9E3F-CC6367CB24F2}.Release|Any CPU.Build.0 = Release|Any CPU
		{4A179C14-5ADA-4535-9486-D95D6E8772C9}.Debug|Any CPU.ActiveCfg = Debug|Any CPU
		{4A179C14-5ADA-4535-9486-D95D6E8772C9}.Debug|Any CPU.Build.0 = Debug|Any CPU
		{4A179C14-5ADA-4535-9486-D95D6E8772C9}.Release|Any CPU.ActiveCfg = Release|Any CPU
		{4A179C14-5ADA-4535-9486-D95D6E8772C9}.Release|Any CPU.Build.0 = Release|Any CPU
	EndGlobalSection
	GlobalSection(SolutionProperties) = preSolution
		HideSolutionNode = FALSE
	EndGlobalSection
	GlobalSection(ExtensibilityGlobals) = postSolution
		SolutionGuid = {3E594DED-4615-489D-B8B2-845CC4ACAF2E}
	EndGlobalSection
EndGlobal
